
Microsoft Visual Studio Solution File, Format Version 12.00
# Visual Studio 15
VisualStudioVersion = 15.0.28010.2041
MinimumVisualStudioVersion = 10.0.40219.1
Project("{FAE04EC0-301F-11D3-BF4B-00C04F79EFBC}") = "Nauka", "Nauka\Nauka.csproj", "{911CBD67-9881-4CA3-9143-B8368279A087}"
EndProject
Global
	GlobalSection(SolutionConfigurationPlatforms) = preSolution
		Debug|Any CPU = Debug|Any CPU
		Release|Any CPU = Release|Any CPU
	EndGlobalSection
	GlobalSection(ProjectConfigurationPlatforms) = postSolution
		{911CBD67-9881-4CA3-9143-B8368279A087}.Debug|Any CPU.ActiveCfg = Debug|Any CPU
		{911CBD67-9881-4CA3-9143-B8368279A087}.Debug|Any CPU.Build.0 = Debug|Any CPU
		{911CBD67-9881-4CA3-9143-B8368279A087}.Release|Any CPU.ActiveCfg = Release|Any CPU
		{911CBD67-9881-4CA3-9143-B8368279A087}.Release|Any CPU.Build.0 = Release|Any CPU
	EndGlobalSection
	GlobalSection(SolutionProperties) = preSolution
		HideSolutionNode = FALSE
	EndGlobalSection
	GlobalSection(ExtensibilityGlobals) = postSolution
		SolutionGuid = {3E716955-D650-4C76-A6D5-5199A0318B94}
	EndGlobalSection
EndGlobal
